
Microsoft Visual Studio Solution File, Format Version 12.00
# Visual Studio Version 16
VisualStudioVersion = 16.0.29728.190
MinimumVisualStudioVersion = 10.0.40219.1
Project("{FAE04EC0-301F-11D3-BF4B-00C04F79EFBC}") = "DotVVM.Diagnostics.ServerSideCache", "DotVVM.Diagnostics.ServerSideCache\DotVVM.Diagnostics.ServerSideCache.csproj", "{C5F187A9-311E-4E56-9BEB-1B429650CBE8}"
EndProject
Project("{FAE04EC0-301F-11D3-BF4B-00C04F79EFBC}") = "DotVVM.Diagnostics.ServerSideCache.Sample", "DotVVM.Diagnostics.ServerSideCache.Sample\DotVVM.Diagnostics.ServerSideCache.Sample.csproj", "{F4FCE79C-D190-4EE3-A4CE-15DCB4078C33}"
EndProject
Global
	GlobalSection(SolutionConfigurationPlatforms) = preSolution
		Debug|Any CPU = Debug|Any CPU
		Release|Any CPU = Release|Any CPU
	EndGlobalSection
	GlobalSection(ProjectConfigurationPlatforms) = postSolution
		{C5F187A9-311E-4E56-9BEB-1B429650CBE8}.Debug|Any CPU.ActiveCfg = Debug|Any CPU
		{C5F187A9-311E-4E56-9BEB-1B429650CBE8}.Debug|Any CPU.Build.0 = Debug|Any CPU
		{C5F187A9-311E-4E56-9BEB-1B429650CBE8}.Release|Any CPU.ActiveCfg = Release|Any CPU
		{C5F187A9-311E-4E56-9BEB-1B429650CBE8}.Release|Any CPU.Build.0 = Release|Any CPU
		{F4FCE79C-D190-4EE3-A4CE-15DCB4078C33}.Debug|Any CPU.ActiveCfg = Debug|Any CPU
		{F4FCE79C-D190-4EE3-A4CE-15DCB4078C33}.Debug|Any CPU.Build.0 = Debug|Any CPU
		{F4FCE79C-D190-4EE3-A4CE-15DCB4078C33}.Release|Any CPU.ActiveCfg = Release|Any CPU
		{F4FCE79C-D190-4EE3-A4CE-15DCB4078C33}.Release|Any CPU.Build.0 = Release|Any CPU
	EndGlobalSection
	GlobalSection(SolutionProperties) = preSolution
		HideSolutionNode = FALSE
	EndGlobalSection
	GlobalSection(ExtensibilityGlobals) = postSolution
		SolutionGuid = {16EB3E83-71BB-48B6-8272-023FA969234E}
	EndGlobalSection
EndGlobal
